{
  "nodes": {
    "bemaniIcons": {
      "flake": false,
      "locked": {
        "lastModified": 1768279073,
        "narHash": "sha256-hQ7gXYTRbo/9k433WV79x5oqM33wK8frCNY1J4ezwdo=",
        "owner": "bicarus-dev",
        "repo": "bemani_fan_site_icons",
        "rev": "225e494eebe3db5cd9b2ce04349b87606df97be3",
        "type": "github"
      },
      "original": {
        "owner": "bicarus-dev",
        "repo": "bemani_fan_site_icons",
        "rev": "225e494eebe3db5cd9b2ce04349b87606df97be3",
        "type": "github"
      }
    },
    "bitcountSingle": {
      "flake": false,
      "locked": {
        "lastModified": 1757065988,
        "narHash": "sha256-WENI7UDpxfG8g8akJyyEtWu3Rs4nuNX7nghchAuS75I=",
        "owner": "petrvanblokland",
        "repo": "TYPETR-Bitcount",
        "rev": "89e7994f73b7f5ced80e7cf493d40be9e66ff82f",
        "type": "github"
      },
      "original": {
        "owner": "petrvanblokland",
        "repo": "TYPETR-Bitcount",
        "rev": "89e7994f73b7f5ced80e7cf493d40be9e66ff82f",
        "type": "github"
      }
    },
    "libreCaslonText": {
      "flake": false,
      "locked": {
        "lastModified": 1469470293,
        "narHash": "sha256-BRz21ixBWYaD+z84+BPa/UQHLnC2EnMDP+wxVHHan30=",
        "owner": "impallari",
        "repo": "Libre-Caslon-Text",
        "rev": "c31e21f7e8cf91f18d90f778ce20e66c68219c74",
        "type": "github"
      },
      "original": {
        "owner": "impallari",
        "repo": "Libre-Caslon-Text",
        "rev": "c31e21f7e8cf91f18d90f778ce20e66c68219c74",
        "type": "github"
      }
    },
    "nixpkgs": {
      "locked": {
        "lastModified": 1787135253,
        "narHash": "sha256-RD2kNWCG+Bjo6h+JVjWVNntZs2GtRoeY2xHjts/FNkA=",
        "owner": "NixOS",
        "repo": "nixpkgs",
        "rev": "ffb3c9b700e759be2ef13237c9d8f953b32a1e46",
        "type": "github"
      },
      "original": {
        "owner": "NixOS",
        "ref": "nixos-unstable",
        "repo": "nixpkgs",
        "type": "github"
      }
    },
    "root": {
      "inputs": {
        "bemaniIcons": "bemaniIcons",
        "bitcountSingle": "bitcountSingle",
        "libreCaslonText": "libreCaslonText",
        "nixpkgs": "nixpkgs",
        "spice2xSource": "spice2xSource"
      }
    },
    "spice2xSource": {
      "flake": false,
      "locked": {
        "lastModified": 1787355208,
        "narHash": "sha256-xBTn1KXAQzW/bD2bx6vqK5TTH2178XkjPbzDIPSGQcc=",
        "owner": "spice2x",
        "repo": "spice2x.github.io",
        "rev": "b9c8afbbc12452edc3f4ac50cc1eda9ed0ee7f61",
        "type": "github"
      },
      "original": {
        "owner": "spice2x",
        "repo": "spice2x.github.io",
        "rev": "b9c8afbbc12452edc3f4ac50cc1eda9ed0ee7f61",
        "type": "github"
      }
    }
  },
  "root": "root",
  "version": 7
}
